
Microsoft Visual Studio Solution File, Format Version 12.00
# Visual Studio Version 17
VisualStudioVersion = 17.2.32630.192
MinimumVisualStudioVersion = 10.0.40219.1
Project("{FAE04EC0-301F-11D3-BF4B-00C04F79EFBC}") = "ConsoleApp1", "ConsoleApp1\ConsoleApp1.csproj", "{EBA734A6-0992-4C97-9DA1-3AD1BBFDBDD3}"
EndProject
Global
	GlobalSection(SolutionConfigurationPlatforms) = preSolution
		Debug|Any CPU = Debug|Any CPU
		Release|Any CPU = Release|Any CPU
	EndGlobalSection
	GlobalSection(ProjectConfigurationPlatforms) = postSolution
		{EBA734A6-0992-4C97-9DA1-3AD1BBFDBDD3}.Debug|Any CPU.ActiveCfg = Debug|Any CPU
		{EBA734A6-0992-4C97-9DA1-3AD1BBFDBDD3}.Debug|Any CPU.Build.0 = Debug|Any CPU
		{EBA734A6-0992-4C97-9DA1-3AD1BBFDBDD3}.Release|Any CPU.ActiveCfg = Release|Any CPU
		{EBA734A6-0992-4C97-9DA1-3AD1BBFDBDD3}.Release|Any CPU.Build.0 = Release|Any CPU
	EndGlobalSection
	GlobalSection(SolutionProperties) = preSolution
		HideSolutionNode = FALSE
	EndGlobalSection
	GlobalSection(ExtensibilityGlobals) = postSolution
		SolutionGuid = {EEA67051-F8C1-4A0D-B591-C7DBEBA27C93}
	EndGlobalSection
EndGlobal
